// !$*UTF8*$!
{
	archiveVersion = 1;
	classes = {
	};
	objectVersion = 46;
	objects = {

/* Begin PBXAggregateTarget section */
		"Helper4Swift::Helper4SwiftPackageTests::ProductTarget" /* Helper4SwiftPackageTests */ = {
			isa = PBXAggregateTarget;
			buildConfigurationList = OBJ_98 /* Build configuration list for PBXAggregateTarget "Helper4SwiftPackageTests" */;
			buildPhases = (
			);
			dependencies = (
				OBJ_101 /* PBXTargetDependency */,
			);
			name = Helper4SwiftPackageTests;
			productName = Helper4SwiftPackageTests;
		};
/* End PBXAggregateTarget section */

/* Begin PBXBuildFile section */
		CA42E2DD27846E3A00F8DE31 /* Binding+Extension.swift in Sources */ = {isa = PBXBuildFile; fileRef = CA42E2DC27846E3A00F8DE31 /* Binding+Extension.swift */; };
		OBJ_107 /* Helper4SwiftTests.swift in Sources */ = {isa = PBXBuildFile; fileRef = OBJ_46 /* Helper4SwiftTests.swift */; };
		OBJ_108 /* XCTestManifests.swift in Sources */ = {isa = PBXBuildFile; fileRef = OBJ_47 /* XCTestManifests.swift */; };
		OBJ_110 /* Helper4Swift.framework in Frameworks */ = {isa = PBXBuildFile; fileRef = "Helper4Swift::Helper4Swift::Product" /* Helper4Swift.framework */; };
		OBJ_57 /* Array+Extension.swift in Sources */ = {isa = PBXBuildFile; fileRef = OBJ_10 /* Array+Extension.swift */; };
		OBJ_58 /* Bundle+Extension.swift in Sources */ = {isa = PBXBuildFile; fileRef = OBJ_11 /* Bundle+Extension.swift */; };
		OBJ_59 /* CALayer+Extension.swift in Sources */ = {isa = PBXBuildFile; fileRef = OBJ_12 /* CALayer+Extension.swift */; };
		OBJ_60 /* Date+Extension.swift in Sources */ = {isa = PBXBuildFile; fileRef = OBJ_13 /* Date+Extension.swift */; };
		OBJ_61 /* Dictionary+Extension.swift in Sources */ = {isa = PBXBuildFile; fileRef = OBJ_14 /* Dictionary+Extension.swift */; };
		OBJ_62 /* Dispatch+Extension.swift in Sources */ = {isa = PBXBuildFile; fileRef = OBJ_15 /* Dispatch+Extension.swift */; };
		OBJ_63 /* Encodable+Extension.swift in Sources */ = {isa = PBXBuildFile; fileRef = OBJ_16 /* Encodable+Extension.swift */; };
		OBJ_64 /* Int+Extension.swift in Sources */ = {isa = PBXBuildFile; fileRef = OBJ_17 /* Int+Extension.swift */; };
		OBJ_65 /* JSONDecoder+Extension.swift in Sources */ = {isa = PBXBuildFile; fileRef = OBJ_18 /* JSONDecoder+Extension.swift */; };
		OBJ_66 /* NSMutableAttributedString+Extension.swift in Sources */ = {isa = PBXBuildFile; fileRef = OBJ_19 /* NSMutableAttributedString+Extension.swift */; };
		OBJ_67 /* String+Extension.swift in Sources */ = {isa = PBXBuildFile; fileRef = OBJ_20 /* String+Extension.swift */; };
		OBJ_68 /* TimeInterval+Extension.swift in Sources */ = {isa = PBXBuildFile; fileRef = OBJ_21 /* TimeInterval+Extension.swift */; };
		OBJ_69 /* UIApplication+Extension.swift in Sources */ = {isa = PBXBuildFile; fileRef = OBJ_22 /* UIApplication+Extension.swift */; };
		OBJ_70 /* UIButton+Extension.swift in Sources */ = {isa = PBXBuildFile; fileRef = OBJ_23 /* UIButton+Extension.swift */; };
		OBJ_71 /* UICollectionView+Extension.swift in Sources */ = {isa = PBXBuildFile; fileRef = OBJ_24 /* UICollectionView+Extension.swift */; };
		OBJ_72 /* UIColor+Extension.swift in Sources */ = {isa = PBXBuildFile; fileRef = OBJ_25 /* UIColor+Extension.swift */; };
		OBJ_73 /* UIImage+Extension.swift in Sources */ = {isa = PBXBuildFile; fileRef = OBJ_26 /* UIImage+Extension.swift */; };
		OBJ_74 /* UIImageView+Extension.swift in Sources */ = {isa = PBXBuildFile; fileRef = OBJ_27 /* UIImageView+Extension.swift */; };
		OBJ_75 /* UIKeyboardType+Extension.swift in Sources */ = {isa = PBXBuildFile; fileRef = OBJ_28 /* UIKeyboardType+Extension.swift */; };
		OBJ_76 /* UILabel+Extension.swift in Sources */ = {isa = PBXBuildFile; fileRef = OBJ_29 /* UILabel+Extension.swift */; };
		OBJ_77 /* UINavigationController+Extension.swift in Sources */ = {isa = PBXBuildFile; fileRef = OBJ_30 /* UINavigationController+Extension.swift */; };
		OBJ_78 /* UIStoryboard+Extension.swift in Sources */ = {isa = PBXBuildFile; fileRef = OBJ_31 /* UIStoryboard+Extension.swift */; };
		OBJ_79 /* UITabBarController+Extension.swift in Sources */ = {isa = PBXBuildFile; fileRef = OBJ_32 /* UITabBarController+Extension.swift */; };
		OBJ_80 /* UITableView+Extension.swift in Sources */ = {isa = PBXBuildFile; fileRef = OBJ_33 /* UITableView+Extension.swift */; };
		OBJ_81 /* UITextField+Extension.swift in Sources */ = {isa = PBXBuildFile; fileRef = OBJ_34 /* UITextField+Extension.swift */; };
		OBJ_82 /* UITextView+Extension.swift in Sources */ = {isa = PBXBuildFile; fileRef = OBJ_35 /* UITextView+Extension.swift */; };
		OBJ_83 /* UIView+Extension.swift in Sources */ = {isa = PBXBuildFile; fileRef = OBJ_36 /* UIView+Extension.swift */; };
		OBJ_84 /* UIViewAutoLayout+Extension.swift in Sources */ = {isa = PBXBuildFile; fileRef = OBJ_37 /* UIViewAutoLayout+Extension.swift */; };
		OBJ_85 /* UIViewController+Extension.swift in Sources */ = {isa = PBXBuildFile; fileRef = OBJ_38 /* UIViewController+Extension.swift */; };
		OBJ_86 /* UIViewController+LocalAuthentication+Extension.swift in Sources */ = {isa = PBXBuildFile; fileRef = OBJ_39 /* UIViewController+LocalAuthentication+Extension.swift */; };
		OBJ_87 /* URL+Extension.swift in Sources */ = {isa = PBXBuildFile; fileRef = OBJ_40 /* URL+Extension.swift */; };
		OBJ_88 /* Helper4Swift.swift in Sources */ = {isa = PBXBuildFile; fileRef = OBJ_41 /* Helper4Swift.swift */; };
		OBJ_89 /* UIViewFromNib.swift in Sources */ = {isa = PBXBuildFile; fileRef = OBJ_43 /* UIViewFromNib.swift */; };
		OBJ_96 /* Package.swift in Sources */ = {isa = PBXBuildFile; fileRef = OBJ_6 /* Package.swift */; };
/* End PBXBuildFile section */

/* Begin PBXContainerItemProxy section */
		CA42E2DA27846E2000F8DE31 /* PBXContainerItemProxy */ = {
			isa = PBXContainerItemProxy;
			containerPortal = OBJ_1 /* Project object */;
			proxyType = 1;
			remoteGlobalIDString = "Helper4Swift::Helper4Swift";
			remoteInfo = Helper4Swift;
		};
		CA42E2DB27846E2000F8DE31 /* PBXContainerItemProxy */ = {
			isa = PBXContainerItemProxy;
			containerPortal = OBJ_1 /* Project object */;
			proxyType = 1;
			remoteGlobalIDString = "Helper4Swift::Helper4SwiftTests";
			remoteInfo = Helper4SwiftTests;
		};
/* End PBXContainerItemProxy section */

/* Begin PBXFileReference section */
		CA42E2DC27846E3A00F8DE31 /* Binding+Extension.swift */ = {isa = PBXFileReference; lastKnownFileType = sourcecode.swift; path = "Binding+Extension.swift"; sourceTree = "<group>"; };
		"Helper4Swift::Helper4Swift::Product" /* Helper4Swift.framework */ = {isa = PBXFileReference; lastKnownFileType = wrapper.framework; path = Helper4Swift.framework; sourceTree = BUILT_PRODUCTS_DIR; };
		"Helper4Swift::Helper4SwiftTests::Product" /* Helper4SwiftTests.xctest */ = {isa = PBXFileReference; lastKnownFileType = file; path = Helper4SwiftTests.xctest; sourceTree = BUILT_PRODUCTS_DIR; };
		OBJ_10 /* Array+Extension.swift */ = {isa = PBXFileReference; lastKnownFileType = sourcecode.swift; path = "Array+Extension.swift"; sourceTree = "<group>"; };
		OBJ_11 /* Bundle+Extension.swift */ = {isa = PBXFileReference; lastKnownFileType = sourcecode.swift; path = "Bundle+Extension.swift"; sourceTree = "<group>"; };
		OBJ_12 /* CALayer+Extension.swift */ = {isa = PBXFileReference; lastKnownFileType = sourcecode.swift; path = "CALayer+Extension.swift"; sourceTree = "<group>"; };
		OBJ_13 /* Date+Extension.swift */ = {isa = PBXFileReference; lastKnownFileType = sourcecode.swift; path = "Date+Extension.swift"; sourceTree = "<group>"; };
		OBJ_14 /* Dictionary+Extension.swift */ = {isa = PBXFileReference; lastKnownFileType = sourcecode.swift; path = "Dictionary+Extension.swift"; sourceTree = "<group>"; };
		OBJ_15 /* Dispatch+Extension.swift */ = {isa = PBXFileReference; lastKnownFileType = sourcecode.swift; path = "Dispatch+Extension.swift"; sourceTree = "<group>"; };
		OBJ_16 /* Encodable+Extension.swift */ = {isa = PBXFileReference; lastKnownFileType = sourcecode.swift; path = "Encodable+Extension.swift"; sourceTree = "<group>"; };
		OBJ_17 /* Int+Extension.swift */ = {isa = PBXFileReference; lastKnownFileType = sourcecode.swift; path = "Int+Extension.swift"; sourceTree = "<group>"; };
		OBJ_18 /* JSONDecoder+Extension.swift */ = {isa = PBXFileReference; lastKnownFileType = sourcecode.swift; path = "JSONDecoder+Extension.swift"; sourceTree = "<group>"; };
		OBJ_19 /* NSMutableAttributedString+Extension.swift */ = {isa = PBXFileReference; lastKnownFileType = sourcecode.swift; path = "NSMutableAttributedString+Extension.swift"; sourceTree = "<group>"; };
		OBJ_20 /* String+Extension.swift */ = {isa = PBXFileReference; lastKnownFileType = sourcecode.swift; path = "String+Extension.swift"; sourceTree = "<group>"; };
		OBJ_21 /* TimeInterval+Extension.swift */ = {isa = PBXFileReference; lastKnownFileType = sourcecode.swift; path = "TimeInterval+Extension.swift"; sourceTree = "<group>"; };
		OBJ_22 /* UIApplication+Extension.swift */ = {isa = PBXFileReference; lastKnownFileType = sourcecode.swift; path = "UIApplication+Extension.swift"; sourceTree = "<group>"; };
		OBJ_23 /* UIButton+Extension.swift */ = {isa = PBXFileReference; lastKnownFileType = sourcecode.swift; path = "UIButton+Extension.swift"; sourceTree = "<group>"; };
		OBJ_24 /* UICollectionView+Extension.swift */ = {isa = PBXFileReference; lastKnownFileType = sourcecode.swift; path = "UICollectionView+Extension.swift"; sourceTree = "<group>"; };
		OBJ_25 /* UIColor+Extension.swift */ = {isa = PBXFileReference; lastKnownFileType = sourcecode.swift; path = "UIColor+Extension.swift"; sourceTree = "<group>"; };
		OBJ_26 /* UIImage+Extension.swift */ = {isa = PBXFileReference; lastKnownFileType = sourcecode.swift; path = "UIImage+Extension.swift"; sourceTree = "<group>"; };
		OBJ_27 /* UIImageView+Extension.swift */ = {isa = PBXFileReference; lastKnownFileType = sourcecode.swift; path = "UIImageView+Extension.swift"; sourceTree = "<group>"; };
		OBJ_28 /* UIKeyboardType+Extension.swift */ = {isa = PBXFileReference; lastKnownFileType = sourcecode.swift; path = "UIKeyboardType+Extension.swift"; sourceTree = "<group>"; };
		OBJ_29 /* UILabel+Extension.swift */ = {isa = PBXFileReference; lastKnownFileType = sourcecode.swift; path = "UILabel+Extension.swift"; sourceTree = "<group>"; };
		OBJ_30 /* UINavigationController+Extension.swift */ = {isa = PBXFileReference; lastKnownFileType = sourcecode.swift; path = "UINavigationController+Extension.swift"; sourceTree = "<group>"; };
		OBJ_31 /* UIStoryboard+Extension.swift */ = {isa = PBXFileReference; lastKnownFileType = sourcecode.swift; path = "UIStoryboard+Extension.swift"; sourceTree = "<group>"; };
		OBJ_32 /* UITabBarController+Extension.swift */ = {isa = PBXFileReference; lastKnownFileType = sourcecode.swift; path = "UITabBarController+Extension.swift"; sourceTree = "<group>"; };
		OBJ_33 /* UITableView+Extension.swift */ = {isa = PBXFileReference; lastKnownFileType = sourcecode.swift; path = "UITableView+Extension.swift"; sourceTree = "<group>"; };
		OBJ_34 /* UITextField+Extension.swift */ = {isa = PBXFileReference; lastKnownFileType = sourcecode.swift; path = "UITextField+Extension.swift"; sourceTree = "<group>"; };
		OBJ_35 /* UITextView+Extension.swift */ = {isa = PBXFileReference; lastKnownFileType = sourcecode.swift; path = "UITextView+Extension.swift"; sourceTree = "<group>"; };
		OBJ_36 /* UIView+Extension.swift */ = {isa = PBXFileReference; lastKnownFileType = sourcecode.swift; path = "UIView+Extension.swift"; sourceTree = "<group>"; };
		OBJ_37 /* UIViewAutoLayout+Extension.swift */ = {isa = PBXFileReference; lastKnownFileType = sourcecode.swift; path = "UIViewAutoLayout+Extension.swift"; sourceTree = "<group>"; };
		OBJ_38 /* UIViewController+Extension.swift */ = {isa = PBXFileReference; lastKnownFileType = sourcecode.swift; path = "UIViewController+Extension.swift"; sourceTree = "<group>"; };
		OBJ_39 /* UIViewController+LocalAuthentication+Extension.swift */ = {isa = PBXFileReference; lastKnownFileType = sourcecode.swift; path = "UIViewController+LocalAuthentication+Extension.swift"; sourceTree = "<group>"; };
		OBJ_40 /* URL+Extension.swift */ = {isa = PBXFileReference; lastKnownFileType = sourcecode.swift; path = "URL+Extension.swift"; sourceTree = "<group>"; };
		OBJ_41 /* Helper4Swift.swift */ = {isa = PBXFileReference; lastKnownFileType = sourcecode.swift; path = Helper4Swift.swift; sourceTree = "<group>"; };
		OBJ_43 /* UIViewFromNib.swift */ = {isa = PBXFileReference; lastKnownFileType = sourcecode.swift; path = UIViewFromNib.swift; sourceTree = "<group>"; };
		OBJ_46 /* Helper4SwiftTests.swift */ = {isa = PBXFileReference; lastKnownFileType = sourcecode.swift; path = Helper4SwiftTests.swift; sourceTree = "<group>"; };
		OBJ_47 /* XCTestManifests.swift */ = {isa = PBXFileReference; lastKnownFileType = sourcecode.swift; path = XCTestManifests.swift; sourceTree = "<group>"; };
		OBJ_51 /* README.md */ = {isa = PBXFileReference; lastKnownFileType = net.daringfireball.markdown; path = README.md; sourceTree = "<group>"; };
		OBJ_6 /* Package.swift */ = {isa = PBXFileReference; explicitFileType = sourcecode.swift; path = Package.swift; sourceTree = "<group>"; };
/* End PBXFileReference section */

/* Begin PBXFrameworksBuildPhase section */
		OBJ_109 /* Frameworks */ = {
			isa = PBXFrameworksBuildPhase;
			buildActionMask = 0;
			files = (
				OBJ_110 /* Helper4Swift.framework in Frameworks */,
			);
			runOnlyForDeploymentPostprocessing = 0;
		};
		OBJ_90 /* Frameworks */ = {
			isa = PBXFrameworksBuildPhase;
			buildActionMask = 0;
			files = (
			);
			runOnlyForDeploymentPostprocessing = 0;
		};
/* End PBXFrameworksBuildPhase section */

/* Begin PBXGroup section */
		OBJ_42 /* SubClasses */ = {
			isa = PBXGroup;
			children = (
				OBJ_43 /* UIViewFromNib.swift */,
			);
			path = SubClasses;
			sourceTree = "<group>";
		};
		OBJ_44 /* Tests */ = {
			isa = PBXGroup;
			children = (
				OBJ_45 /* Helper4SwiftTests */,
			);
			name = Tests;
			sourceTree = SOURCE_ROOT;
		};
		OBJ_45 /* Helper4SwiftTests */ = {
			isa = PBXGroup;
			children = (
				OBJ_46 /* Helper4SwiftTests.swift */,
				OBJ_47 /* XCTestManifests.swift */,
			);
			name = Helper4SwiftTests;
			path = Tests/Helper4SwiftTests;
			sourceTree = SOURCE_ROOT;
		};
		OBJ_48 /* Products */ = {
			isa = PBXGroup;
			children = (
				"Helper4Swift::Helper4SwiftTests::Product" /* Helper4SwiftTests.xctest */,
				"Helper4Swift::Helper4Swift::Product" /* Helper4Swift.framework */,
			);
			name = Products;
			sourceTree = BUILT_PRODUCTS_DIR;
		};
		OBJ_5 /*  */ = {
			isa = PBXGroup;
			children = (
				OBJ_6 /* Package.swift */,
				OBJ_7 /* Sources */,
				OBJ_44 /* Tests */,
				OBJ_48 /* Products */,
				OBJ_51 /* README.md */,
			);
			name = "";
			sourceTree = "<group>";
		};
		OBJ_7 /* Sources */ = {
			isa = PBXGroup;
			children = (
				OBJ_8 /* Helper4Swift */,
			);
			name = Sources;
			sourceTree = SOURCE_ROOT;
		};
		OBJ_8 /* Helper4Swift */ = {
			isa = PBXGroup;
			children = (
				OBJ_9 /* Extensions */,
				OBJ_41 /* Helper4Swift.swift */,
				OBJ_42 /* SubClasses */,
			);
			name = Helper4Swift;
			path = Sources/Helper4Swift;
			sourceTree = SOURCE_ROOT;
		};
		OBJ_9 /* Extensions */ = {
			isa = PBXGroup;
			children = (
				OBJ_10 /* Array+Extension.swift */,
				OBJ_11 /* Bundle+Extension.swift */,
				OBJ_12 /* CALayer+Extension.swift */,
				OBJ_13 /* Date+Extension.swift */,
				OBJ_14 /* Dictionary+Extension.swift */,
				OBJ_15 /* Dispatch+Extension.swift */,
				OBJ_16 /* Encodable+Extension.swift */,
				OBJ_17 /* Int+Extension.swift */,
				OBJ_18 /* JSONDecoder+Extension.swift */,
				OBJ_19 /* NSMutableAttributedString+Extension.swift */,
				OBJ_20 /* String+Extension.swift */,
				OBJ_21 /* TimeInterval+Extension.swift */,
				OBJ_22 /* UIApplication+Extension.swift */,
				OBJ_23 /* UIButton+Extension.swift */,
				OBJ_24 /* UICollectionView+Extension.swift */,
				OBJ_25 /* UIColor+Extension.swift */,
				OBJ_26 /* UIImage+Extension.swift */,
				OBJ_27 /* UIImageView+Extension.swift */,
				OBJ_28 /* UIKeyboardType+Extension.swift */,
				OBJ_29 /* UILabel+Extension.swift */,
				OBJ_30 /* UINavigationController+Extension.swift */,
				OBJ_31 /* UIStoryboard+Extension.swift */,
				OBJ_32 /* UITabBarController+Extension.swift */,
				OBJ_33 /* UITableView+Extension.swift */,
				OBJ_34 /* UITextField+Extension.swift */,
				OBJ_35 /* UITextView+Extension.swift */,
				OBJ_36 /* UIView+Extension.swift */,
				OBJ_37 /* UIViewAutoLayout+Extension.swift */,
				OBJ_38 /* UIViewController+Extension.swift */,
				OBJ_39 /* UIViewController+LocalAuthentication+Extension.swift */,
				OBJ_40 /* URL+Extension.swift */,
				CA42E2DC27846E3A00F8DE31 /* Binding+Extension.swift */,
			);
			path = Extensions;
			sourceTree = "<group>";
		};
/* End PBXGroup section */

/* Begin PBXNativeTarget section */
		"Helper4Swift::Helper4Swift" /* Helper4Swift */ = {
			isa = PBXNativeTarget;
			buildConfigurationList = OBJ_53 /* Build configuration list for PBXNativeTarget "Helper4Swift" */;
			buildPhases = (
				OBJ_56 /* Sources */,
				OBJ_90 /* Frameworks */,
			);
			buildRules = (
			);
			dependencies = (
			);
			name = Helper4Swift;
			productName = Helper4Swift;
			productReference = "Helper4Swift::Helper4Swift::Product" /* Helper4Swift.framework */;
			productType = "com.apple.product-type.framework";
		};
		"Helper4Swift::Helper4SwiftTests" /* Helper4SwiftTests */ = {
			isa = PBXNativeTarget;
			buildConfigurationList = OBJ_103 /* Build configuration list for PBXNativeTarget "Helper4SwiftTests" */;
			buildPhases = (
				OBJ_106 /* Sources */,
				OBJ_109 /* Frameworks */,
			);
			buildRules = (
			);
			dependencies = (
				OBJ_111 /* PBXTargetDependency */,
			);
			name = Helper4SwiftTests;
			productName = Helper4SwiftTests;
			productReference = "Helper4Swift::Helper4SwiftTests::Product" /* Helper4SwiftTests.xctest */;
			productType = "com.apple.product-type.bundle.unit-test";
		};
		"Helper4Swift::SwiftPMPackageDescription" /* Helper4SwiftPackageDescription */ = {
			isa = PBXNativeTarget;
			buildConfigurationList = OBJ_92 /* Build configuration list for PBXNativeTarget "Helper4SwiftPackageDescription" */;
			buildPhases = (
				OBJ_95 /* Sources */,
			);
			buildRules = (
			);
			dependencies = (
			);
			name = Helper4SwiftPackageDescription;
			productName = Helper4SwiftPackageDescription;
			productType = "com.apple.product-type.framework";
		};
/* End PBXNativeTarget section */

/* Begin PBXProject section */
		OBJ_1 /* Project object */ = {
			isa = PBXProject;
			attributes = {
				LastSwiftMigration = 9999;
				LastUpgradeCheck = 9999;
			};
			buildConfigurationList = OBJ_2 /* Build configuration list for PBXProject "Helper4Swift" */;
			compatibilityVersion = "Xcode 3.2";
			developmentRegion = en;
			hasScannedForEncodings = 0;
			knownRegions = (
				en,
			);
			mainGroup = OBJ_5 /*  */;
			productRefGroup = OBJ_48 /* Products */;
			projectDirPath = "";
			projectRoot = "";
			targets = (
				"Helper4Swift::Helper4Swift" /* Helper4Swift */,
				"Helper4Swift::SwiftPMPackageDescription" /* Helper4SwiftPackageDescription */,
				"Helper4Swift::Helper4SwiftPackageTests::ProductTarget" /* Helper4SwiftPackageTests */,
				"Helper4Swift::Helper4SwiftTests" /* Helper4SwiftTests */,
			);
		};
/* End PBXProject section */

/* Begin PBXSourcesBuildPhase section */
		OBJ_106 /* Sources */ = {
			isa = PBXSourcesBuildPhase;
			buildActionMask = 0;
			files = (
				OBJ_107 /* Helper4SwiftTests.swift in Sources */,
				OBJ_108 /* XCTestManifests.swift in Sources */,
			);
			runOnlyForDeploymentPostprocessing = 0;
		};
		OBJ_56 /* Sources */ = {
			isa = PBXSourcesBuildPhase;
			buildActionMask = 0;
			files = (
				OBJ_57 /* Array+Extension.swift in Sources */,
				OBJ_58 /* Bundle+Extension.swift in Sources */,
				OBJ_59 /* CALayer+Extension.swift in Sources */,
				OBJ_60 /* Date+Extension.swift in Sources */,
				OBJ_61 /* Dictionary+Extension.swift in Sources */,
				OBJ_62 /* Dispatch+Extension.swift in Sources */,
				OBJ_63 /* Encodable+Extension.swift in Sources */,
				OBJ_64 /* Int+Extension.swift in Sources */,
				OBJ_65 /* JSONDecoder+Extension.swift in Sources */,
				OBJ_66 /* NSMutableAttributedString+Extension.swift in Sources */,
				OBJ_67 /* String+Extension.swift in Sources */,
				OBJ_68 /* TimeInterval+Extension.swift in Sources */,
				OBJ_69 /* UIApplication+Extension.swift in Sources */,
				OBJ_70 /* UIButton+Extension.swift in Sources */,
				OBJ_71 /* UICollectionView+Extension.swift in Sources */,
				OBJ_72 /* UIColor+Extension.swift in Sources */,
				OBJ_73 /* UIImage+Extension.swift in Sources */,
				OBJ_74 /* UIImageView+Extension.swift in Sources */,
				OBJ_75 /* UIKeyboardType+Extension.swift in Sources */,
				OBJ_76 /* UILabel+Extension.swift in Sources */,
				OBJ_77 /* UINavigationController+Extension.swift in Sources */,
				OBJ_78 /* UIStoryboard+Extension.swift in Sources */,
				OBJ_79 /* UITabBarController+Extension.swift in Sources */,
				OBJ_80 /* UITableView+Extension.swift in Sources */,
				OBJ_81 /* UITextField+Extension.swift in Sources */,
				OBJ_82 /* UITextView+Extension.swift in Sources */,
				OBJ_83 /* UIView+Extension.swift in Sources */,
				OBJ_84 /* UIViewAutoLayout+Extension.swift in Sources */,
				OBJ_85 /* UIViewController+Extension.swift in Sources */,
				CA42E2DD27846E3A00F8DE31 /* Binding+Extension.swift in Sources */,
				OBJ_86 /* UIViewController+LocalAuthentication+Extension.swift in Sources */,
				OBJ_87 /* URL+Extension.swift in Sources */,
				OBJ_88 /* Helper4Swift.swift in Sources */,
				OBJ_89 /* UIViewFromNib.swift in Sources */,
			);
			runOnlyForDeploymentPostprocessing = 0;
		};
		OBJ_95 /* Sources */ = {
			isa = PBXSourcesBuildPhase;
			buildActionMask = 0;
			files = (
				OBJ_96 /* Package.swift in Sources */,
			);
			runOnlyForDeploymentPostprocessing = 0;
		};
/* End PBXSourcesBuildPhase section */

/* Begin PBXTargetDependency section */
		OBJ_101 /* PBXTargetDependency */ = {
			isa = PBXTargetDependency;
			target = "Helper4Swift::Helper4SwiftTests" /* Helper4SwiftTests */;
			targetProxy = CA42E2DB27846E2000F8DE31 /* PBXContainerItemProxy */;
		};
		OBJ_111 /* PBXTargetDependency */ = {
			isa = PBXTargetDependency;
			target = "Helper4Swift::Helper4Swift" /* Helper4Swift */;
			targetProxy = CA42E2DA27846E2000F8DE31 /* PBXContainerItemProxy */;
		};
/* End PBXTargetDependency section */

/* Begin XCBuildConfiguration section */
		OBJ_100 /* Release */ = {
			isa = XCBuildConfiguration;
			buildSettings = {
			};
			name = Release;
		};
		OBJ_104 /* Debug */ = {
			isa = XCBuildConfiguration;
			buildSettings = {
				CLANG_ENABLE_MODULES = YES;
				EMBEDDED_CONTENT_CONTAINS_SWIFT = YES;
				FRAMEWORK_SEARCH_PATHS = (
					"$(inherited)",
					"$(PLATFORM_DIR)/Developer/Library/Frameworks",
				);
				HEADER_SEARCH_PATHS = "$(inherited)";
				INFOPLIST_FILE = Helper4Swift.xcodeproj/Helper4SwiftTests_Info.plist;
				IPHONEOS_DEPLOYMENT_TARGET = 10.0;
				LD_RUNPATH_SEARCH_PATHS = "$(inherited) @loader_path/../Frameworks @loader_path/Frameworks";
				MACOSX_DEPLOYMENT_TARGET = 10.13;
				OTHER_CFLAGS = "$(inherited)";
				OTHER_LDFLAGS = "$(inherited)";
				OTHER_SWIFT_FLAGS = "$(inherited)";
				SWIFT_ACTIVE_COMPILATION_CONDITIONS = "$(inherited)";
				SWIFT_VERSION = 5.0;
				TARGET_NAME = Helper4SwiftTests;
				TVOS_DEPLOYMENT_TARGET = 10.0;
				WATCHOS_DEPLOYMENT_TARGET = 3.0;
			};
			name = Debug;
		};
		OBJ_105 /* Release */ = {
			isa = XCBuildConfiguration;
			buildSettings = {
				CLANG_ENABLE_MODULES = YES;
				EMBEDDED_CONTENT_CONTAINS_SWIFT = YES;
				FRAMEWORK_SEARCH_PATHS = (
					"$(inherited)",
					"$(PLATFORM_DIR)/Developer/Library/Frameworks",
				);
				HEADER_SEARCH_PATHS = "$(inherited)";
				INFOPLIST_FILE = Helper4Swift.xcodeproj/Helper4SwiftTests_Info.plist;
				IPHONEOS_DEPLOYMENT_TARGET = 10.0;
				LD_RUNPATH_SEARCH_PATHS = "$(inherited) @loader_path/../Frameworks @loader_path/Frameworks";
				MACOSX_DEPLOYMENT_TARGET = 10.13;
				OTHER_CFLAGS = "$(inherited)";
				OTHER_LDFLAGS = "$(inherited)";
				OTHER_SWIFT_FLAGS = "$(inherited)";
				SWIFT_ACTIVE_COMPILATION_CONDITIONS = "$(inherited)";
				SWIFT_VERSION = 5.0;
				TARGET_NAME = Helper4SwiftTests;
				TVOS_DEPLOYMENT_TARGET = 10.0;
				WATCHOS_DEPLOYMENT_TARGET = 3.0;
			};
			name = Release;
		};
		OBJ_3 /* Debug */ = {
			isa = XCBuildConfiguration;
			buildSettings = {
				CLANG_ENABLE_OBJC_ARC = YES;
				COMBINE_HIDPI_IMAGES = YES;
				COPY_PHASE_STRIP = NO;
				DEBUG_INFORMATION_FORMAT = dwarf;
				DYLIB_INSTALL_NAME_BASE = "@rpath";
				ENABLE_NS_ASSERTIONS = YES;
				GCC_OPTIMIZATION_LEVEL = 0;
				GCC_PREPROCESSOR_DEFINITIONS = (
					"$(inherited)",
					"SWIFT_PACKAGE=1",
					"DEBUG=1",
				);
				MACOSX_DEPLOYMENT_TARGET = 10.10;
				ONLY_ACTIVE_ARCH = YES;
				OTHER_SWIFT_FLAGS = "$(inherited) -DXcode";
				PRODUCT_NAME = "$(TARGET_NAME)";
				SDKROOT = macosx;
				SUPPORTED_PLATFORMS = "macosx iphoneos iphonesimulator appletvos appletvsimulator watchos watchsimulator";
				SWIFT_ACTIVE_COMPILATION_CONDITIONS = "$(inherited) SWIFT_PACKAGE DEBUG";
				SWIFT_OPTIMIZATION_LEVEL = "-Onone";
				USE_HEADERMAP = NO;
			};
			name = Debug;
		};
		OBJ_4 /* Release */ = {
			isa = XCBuildConfiguration;
			buildSettings = {
				CLANG_ENABLE_OBJC_ARC = YES;
				COMBINE_HIDPI_IMAGES = YES;
				COPY_PHASE_STRIP = YES;
				DEBUG_INFORMATION_FORMAT = "dwarf-with-dsym";
				DYLIB_INSTALL_NAME_BASE = "@rpath";
				GCC_OPTIMIZATION_LEVEL = s;
				GCC_PREPROCESSOR_DEFINITIONS = (
					"$(inherited)",
					"SWIFT_PACKAGE=1",
				);
				MACOSX_DEPLOYMENT_TARGET = 10.10;
				OTHER_SWIFT_FLAGS = "$(inherited) -DXcode";
				PRODUCT_NAME = "$(TARGET_NAME)";
				SDKROOT = macosx;
				SUPPORTED_PLATFORMS = "macosx iphoneos iphonesimulator appletvos appletvsimulator watchos watchsimulator";
				SWIFT_ACTIVE_COMPILATION_CONDITIONS = "$(inherited) SWIFT_PACKAGE";
				SWIFT_OPTIMIZATION_LEVEL = "-Owholemodule";
				USE_HEADERMAP = NO;
			};
			name = Release;
		};
		OBJ_54 /* Debug */ = {
			isa = XCBuildConfiguration;
			buildSettings = {
				ENABLE_TESTABILITY = YES;
				FRAMEWORK_SEARCH_PATHS = (
					"$(inherited)",
					"$(PLATFORM_DIR)/Developer/Library/Frameworks",
				);
				HEADER_SEARCH_PATHS = "$(inherited)";
				INFOPLIST_FILE = Helper4Swift.xcodeproj/Helper4Swift_Info.plist;
				IPHONEOS_DEPLOYMENT_TARGET = 10.0;
				LD_RUNPATH_SEARCH_PATHS = "$(inherited) $(TOOLCHAIN_DIR)/usr/lib/swift/macosx";
				MACOSX_DEPLOYMENT_TARGET = 10.13;
				OTHER_CFLAGS = "$(inherited)";
				OTHER_LDFLAGS = "$(inherited)";
				OTHER_SWIFT_FLAGS = "$(inherited)";
				PRODUCT_BUNDLE_IDENTIFIER = Helper4Swift;
				PRODUCT_MODULE_NAME = "$(TARGET_NAME:c99extidentifier)";
				PRODUCT_NAME = "$(TARGET_NAME:c99extidentifier)";
				SKIP_INSTALL = YES;
				SWIFT_ACTIVE_COMPILATION_CONDITIONS = "$(inherited)";
				SWIFT_VERSION = 5.0;
				TARGET_NAME = Helper4Swift;
				TVOS_DEPLOYMENT_TARGET = 10.0;
				WATCHOS_DEPLOYMENT_TARGET = 3.0;
			};
			name = Debug;
		};
		OBJ_55 /* Release */ = {
			isa = XCBuildConfiguration;
			buildSettings = {
				ENABLE_TESTABILITY = YES;
				FRAMEWORK_SEARCH_PATHS = (
					"$(inherited)",
					"$(PLATFORM_DIR)/Developer/Library/Frameworks",
				);
				HEADER_SEARCH_PATHS = "$(inherited)";
				INFOPLIST_FILE = Helper4Swift.xcodeproj/Helper4Swift_Info.plist;
				IPHONEOS_DEPLOYMENT_TARGET = 10.0;
				LD_RUNPATH_SEARCH_PATHS = "$(inherited) $(TOOLCHAIN_DIR)/usr/lib/swift/macosx";
				MACOSX_DEPLOYMENT_TARGET = 10.13;
				OTHER_CFLAGS = "$(inherited)";
				OTHER_LDFLAGS = "$(inherited)";
				OTHER_SWIFT_FLAGS = "$(inherited)";
				PRODUCT_BUNDLE_IDENTIFIER = Helper4Swift;
				PRODUCT_MODULE_NAME = "$(TARGET_NAME:c99extidentifier)";
				PRODUCT_NAME = "$(TARGET_NAME:c99extidentifier)";
				SKIP_INSTALL = YES;
				SWIFT_ACTIVE_COMPILATION_CONDITIONS = "$(inherited)";
				SWIFT_VERSION = 5.0;
				TARGET_NAME = Helper4Swift;
				TVOS_DEPLOYMENT_TARGET = 10.0;
				WATCHOS_DEPLOYMENT_TARGET = 3.0;
			};
			name = Release;
		};
		OBJ_93 /* Debug */ = {
			isa = XCBuildConfiguration;
			buildSettings = {
				LD = /usr/bin/true;
				OTHER_SWIFT_FLAGS = "-swift-version 5 -I $(TOOLCHAIN_DIR)/usr/lib/swift/pm/4_2 -target x86_64-apple-macosx10.10 -sdk /Applications/Xcode.app/Contents/Developer/Platforms/MacOSX.platform/Developer/SDKs/MacOSX10.15.sdk -package-description-version 5.2.0";
				SWIFT_VERSION = 5.0;
			};
			name = Debug;
		};
		OBJ_94 /* Release */ = {
			isa = XCBuildConfiguration;
			buildSettings = {
				LD = /usr/bin/true;
				OTHER_SWIFT_FLAGS = "-swift-version 5 -I $(TOOLCHAIN_DIR)/usr/lib/swift/pm/4_2 -target x86_64-apple-macosx10.10 -sdk /Applications/Xcode.app/Contents/Developer/Platforms/MacOSX.platform/Developer/SDKs/MacOSX10.15.sdk -package-description-version 5.2.0";
				SWIFT_VERSION = 5.0;
			};
			name = Release;
		};
		OBJ_99 /* Debug */ = {
			isa = XCBuildConfiguration;
			buildSettings = {
			};
			name = Debug;
		};
/* End XCBuildConfiguration section */

/* Begin XCConfigurationList section */
		OBJ_103 /* Build configuration list for PBXNativeTarget "Helper4SwiftTests" */ = {
			isa = XCConfigurationList;
			buildConfigurations = (
				OBJ_104 /* Debug */,
				OBJ_105 /* Release */,
			);
			defaultConfigurationIsVisible = 0;
			defaultConfigurationName = Release;
		};
		OBJ_2 /* Build configuration list for PBXProject "Helper4Swift" */ = {
			isa = XCConfigurationList;
			buildConfigurations = (
				OBJ_3 /* Debug */,
				OBJ_4 /* Release */,
			);
			defaultConfigurationIsVisible = 0;
			defaultConfigurationName = Release;
		};
		OBJ_53 /* Build configuration list for PBXNativeTarget "Helper4Swift" */ = {
			isa = XCConfigurationList;
			buildConfigurations = (
				OBJ_54 /* Debug */,
				OBJ_55 /* Release */,
			);
			defaultConfigurationIsVisible = 0;
			defaultConfigurationName = Release;
		};
		OBJ_92 /* Build configuration list for PBXNativeTarget "Helper4SwiftPackageDescription" */ = {
			isa = XCConfigurationList;
			buildConfigurations = (
				OBJ_93 /* Debug */,
				OBJ_94 /* Release */,
			);
			defaultConfigurationIsVisible = 0;
			defaultConfigurationName = Release;
		};
		OBJ_98 /* Build configuration list for PBXAggregateTarget "Helper4SwiftPackageTests" */ = {
			isa = XCConfigurationList;
			buildConfigurations = (
				OBJ_99 /* Debug */,
				OBJ_100 /* Release */,
			);
			defaultConfigurationIsVisible = 0;
			defaultConfigurationName = Release;
		};
/* End XCConfigurationList section */
	};
	rootObject = OBJ_1 /* Project object */;
}
